// !$*UTF8*$!
{
	archiveVersion = 1;
	classes = {
	};
	objectVersion = 46;
	objects = {

/* Begin PBXBuildFile section */
		195A590F1E47CECC002B076A /* DeviceViewController.swift in Sources */ = {isa = PBXBuildFile; fileRef = 195A590E1E47CECC002B076A /* DeviceViewController.swift */; };
		195A59141E4834F0002B076A /* CBCharacterisic+String.swift in Sources */ = {isa = PBXBuildFile; fileRef = 195A59121E482C4F002B076A /* CBCharacterisic+String.swift */; };
		195A59151E4834F5002B076A /* CBService+String.swift in Sources */ = {isa = PBXBuildFile; fileRef = 195A59101E482BF4002B076A /* CBService+String.swift */; };
		19B7DC8F1F0D624F0035FDFA /* Logger.swift in Sources */ = {isa = PBXBuildFile; fileRef = 19B7DC8E1F0D624F0035FDFA /* Logger.swift */; };
		8B64D18F1DC2E16300D41A2C /* SwiftyTeeth.h in Headers */ = {isa = PBXBuildFile; fileRef = 8B64D18D1DC2E16300D41A2C /* SwiftyTeeth.h */; settings = {ATTRIBUTES = (Public, ); }; };
		8B64D1AF1DC2E86200D41A2C /* SwiftyTeeth_Tests.swift in Sources */ = {isa = PBXBuildFile; fileRef = 8B64D1AE1DC2E86200D41A2C /* SwiftyTeeth_Tests.swift */; };
		8B64D1B11DC2E86200D41A2C /* SwiftyTeeth.framework in Frameworks */ = {isa = PBXBuildFile; fileRef = 8B64D18A1DC2E16300D41A2C /* SwiftyTeeth.framework */; };
		8B64D1BE1DC2E8C600D41A2C /* AppDelegate.swift in Sources */ = {isa = PBXBuildFile; fileRef = 8B64D1BD1DC2E8C600D41A2C /* AppDelegate.swift */; };
		8B64D1C51DC2E8C600D41A2C /* Main.storyboard in Resources */ = {isa = PBXBuildFile; fileRef = 8B64D1C31DC2E8C600D41A2C /* Main.storyboard */; };
		8B64D1C71DC2E8C600D41A2C /* Assets.xcassets in Resources */ = {isa = PBXBuildFile; fileRef = 8B64D1C61DC2E8C600D41A2C /* Assets.xcassets */; };
		8B64D1CA1DC2E8C600D41A2C /* LaunchScreen.storyboard in Resources */ = {isa = PBXBuildFile; fileRef = 8B64D1C81DC2E8C600D41A2C /* LaunchScreen.storyboard */; };
		8B64D1D01DC2E8FE00D41A2C /* SwiftyTeeth.swift in Sources */ = {isa = PBXBuildFile; fileRef = 8B64D1CF1DC2E8FE00D41A2C /* SwiftyTeeth.swift */; };
		8B64D1D61DC2E9E800D41A2C /* DeviceListViewController.swift in Sources */ = {isa = PBXBuildFile; fileRef = 8B64D1D31DC2E9E800D41A2C /* DeviceListViewController.swift */; };
		8B64D1DD1DC2F5D000D41A2C /* Device.swift in Sources */ = {isa = PBXBuildFile; fileRef = 8B64D1DC1DC2F5D000D41A2C /* Device.swift */; };
		8B64D1DF1DC2F92600D41A2C /* CBPeripheral.swift in Sources */ = {isa = PBXBuildFile; fileRef = 8B64D1DE1DC2F92600D41A2C /* CBPeripheral.swift */; };
		8B64D1E31DC2FCEB00D41A2C /* SwiftyTeethable.swift in Sources */ = {isa = PBXBuildFile; fileRef = 8B64D1E21DC2FCEB00D41A2C /* SwiftyTeethable.swift */; };
		8B64D1E41DC2FFD000D41A2C /* SwiftyTeeth.framework in Frameworks */ = {isa = PBXBuildFile; fileRef = 8B64D18A1DC2E16300D41A2C /* SwiftyTeeth.framework */; };
		8B64D1E51DC2FFD000D41A2C /* SwiftyTeeth.framework in Embed Frameworks */ = {isa = PBXBuildFile; fileRef = 8B64D18A1DC2E16300D41A2C /* SwiftyTeeth.framework */; settings = {ATTRIBUTES = (CodeSignOnCopy, RemoveHeadersOnCopy, ); }; };
/* End PBXBuildFile section */

/* Begin PBXContainerItemProxy section */
		8B64D1B21DC2E86200D41A2C /* PBXContainerItemProxy */ = {
			isa = PBXContainerItemProxy;
			containerPortal = 8B64D17F1DC2E0A400D41A2C /* Project object */;
			proxyType = 1;
			remoteGlobalIDString = 8B64D1891DC2E16300D41A2C;
			remoteInfo = "SwiftyTeeth iOS";
		};
		8B64D1E61DC2FFD000D41A2C /* PBXContainerItemProxy */ = {
			isa = PBXContainerItemProxy;
			containerPortal = 8B64D17F1DC2E0A400D41A2C /* Project object */;
			proxyType = 1;
			remoteGlobalIDString = 8B64D1891DC2E16300D41A2C;
			remoteInfo = "SwiftyTeeth iOS";
		};
/* End PBXContainerItemProxy section */

/* Begin PBXCopyFilesBuildPhase section */
		8B64D1E81DC2FFD000D41A2C /* Embed Frameworks */ = {
			isa = PBXCopyFilesBuildPhase;
			buildActionMask = 2147483647;
			dstPath = "";
			dstSubfolderSpec = 10;
			files = (
				8B64D1E51DC2FFD000D41A2C /* SwiftyTeeth.framework in Embed Frameworks */,
			);
			name = "Embed Frameworks";
			runOnlyForDeploymentPostprocessing = 0;
		};
/* End PBXCopyFilesBuildPhase section */

/* Begin PBXFileReference section */
		195A590E1E47CECC002B076A /* DeviceViewController.swift */ = {isa = PBXFileReference; fileEncoding = 4; lastKnownFileType = sourcecode.swift; path = DeviceViewController.swift; sourceTree = "<group>"; };
		195A59101E482BF4002B076A /* CBService+String.swift */ = {isa = PBXFileReference; fileEncoding = 4; lastKnownFileType = sourcecode.swift; path = "CBService+String.swift"; sourceTree = "<group>"; };
		195A59121E482C4F002B076A /* CBCharacterisic+String.swift */ = {isa = PBXFileReference; fileEncoding = 4; lastKnownFileType = sourcecode.swift; path = "CBCharacterisic+String.swift"; sourceTree = "<group>"; };
		19B7DC8E1F0D624F0035FDFA /* Logger.swift */ = {isa = PBXFileReference; fileEncoding = 4; lastKnownFileType = sourcecode.swift; path = Logger.swift; sourceTree = "<group>"; };
		8B64D18A1DC2E16300D41A2C /* SwiftyTeeth.framework */ = {isa = PBXFileReference; explicitFileType = wrapper.framework; includeInIndex = 0; path = SwiftyTeeth.framework; sourceTree = BUILT_PRODUCTS_DIR; };
		8B64D18D1DC2E16300D41A2C /* SwiftyTeeth.h */ = {isa = PBXFileReference; lastKnownFileType = sourcecode.c.h; path = SwiftyTeeth.h; sourceTree = "<group>"; };
		8B64D1A11DC2E42000D41A2C /* Info-iOS.plist */ = {isa = PBXFileReference; fileEncoding = 4; lastKnownFileType = text.plist.xml; path = "Info-iOS.plist"; sourceTree = "<group>"; };
		8B64D1A31DC2E73F00D41A2C /* Cartfile */ = {isa = PBXFileReference; lastKnownFileType = text; path = Cartfile; sourceTree = "<group>"; };
		8B64D1A41DC2E75000D41A2C /* Cartfile.private */ = {isa = PBXFileReference; lastKnownFileType = text; path = Cartfile.private; sourceTree = "<group>"; };
		8B64D1A51DC2E77C00D41A2C /* SwiftyTeeth.podspec */ = {isa = PBXFileReference; lastKnownFileType = text; path = SwiftyTeeth.podspec; sourceTree = "<group>"; };
		8B64D1A61DC2E78800D41A2C /* LICENSE */ = {isa = PBXFileReference; lastKnownFileType = text; path = LICENSE; sourceTree = "<group>"; };
		8B64D1A71DC2E78800D41A2C /* README.md */ = {isa = PBXFileReference; lastKnownFileType = net.daringfireball.markdown; path = README.md; sourceTree = "<group>"; };
		8B64D1AC1DC2E86200D41A2C /* SwiftyTeeth Tests.xctest */ = {isa = PBXFileReference; explicitFileType = wrapper.cfbundle; includeInIndex = 0; path = "SwiftyTeeth Tests.xctest"; sourceTree = BUILT_PRODUCTS_DIR; };
		8B64D1AE1DC2E86200D41A2C /* SwiftyTeeth_Tests.swift */ = {isa = PBXFileReference; lastKnownFileType = sourcecode.swift; path = SwiftyTeeth_Tests.swift; sourceTree = "<group>"; };
		8B64D1B01DC2E86200D41A2C /* Info.plist */ = {isa = PBXFileReference; lastKnownFileType = text.plist.xml; path = Info.plist; sourceTree = "<group>"; };
		8B64D1BB1DC2E8C600D41A2C /* SwiftyTeeth Sample.app */ = {isa = PBXFileReference; explicitFileType = wrapper.application; includeInIndex = 0; path = "SwiftyTeeth Sample.app"; sourceTree = BUILT_PRODUCTS_DIR; };
		8B64D1BD1DC2E8C600D41A2C /* AppDelegate.swift */ = {isa = PBXFileReference; lastKnownFileType = sourcecode.swift; path = AppDelegate.swift; sourceTree = "<group>"; };
		8B64D1C41DC2E8C600D41A2C /* Base */ = {isa = PBXFileReference; lastKnownFileType = file.storyboard; name = Base; path = Base.lproj/Main.storyboard; sourceTree = "<group>"; };
		8B64D1C61DC2E8C600D41A2C /* Assets.xcassets */ = {isa = PBXFileReference; lastKnownFileType = folder.assetcatalog; path = Assets.xcassets; sourceTree = "<group>"; };
		8B64D1C91DC2E8C600D41A2C /* Base */ = {isa = PBXFileReference; lastKnownFileType = file.storyboard; name = Base; path = Base.lproj/LaunchScreen.storyboard; sourceTree = "<group>"; };
		8B64D1CB1DC2E8C600D41A2C /* Info.plist */ = {isa = PBXFileReference; lastKnownFileType = text.plist.xml; path = Info.plist; sourceTree = "<group>"; };
		8B64D1CF1DC2E8FE00D41A2C /* SwiftyTeeth.swift */ = {isa = PBXFileReference; fileEncoding = 4; lastKnownFileType = sourcecode.swift; path = SwiftyTeeth.swift; sourceTree = "<group>"; };
		8B64D1D31DC2E9E800D41A2C /* DeviceListViewController.swift */ = {isa = PBXFileReference; fileEncoding = 4; lastKnownFileType = sourcecode.swift; path = DeviceListViewController.swift; sourceTree = "<group>"; };
		8B64D1DC1DC2F5D000D41A2C /* Device.swift */ = {isa = PBXFileReference; fileEncoding = 4; lastKnownFileType = sourcecode.swift; path = Device.swift; sourceTree = "<group>"; };
		8B64D1DE1DC2F92600D41A2C /* CBPeripheral.swift */ = {isa = PBXFileReference; fileEncoding = 4; lastKnownFileType = sourcecode.swift; path = CBPeripheral.swift; sourceTree = "<group>"; };
		8B64D1E21DC2FCEB00D41A2C /* SwiftyTeethable.swift */ = {isa = PBXFileReference; fileEncoding = 4; lastKnownFileType = sourcecode.swift; path = SwiftyTeethable.swift; sourceTree = "<group>"; };
/* End PBXFileReference section */

/* Begin PBXFrameworksBuildPhase section */
		8B64D1861DC2E16300D41A2C /* Frameworks */ = {
			isa = PBXFrameworksBuildPhase;
			buildActionMask = 2147483647;
			files = (
			);
			runOnlyForDeploymentPostprocessing = 0;
		};
		8B64D1A91DC2E86200D41A2C /* Frameworks */ = {
			isa = PBXFrameworksBuildPhase;
			buildActionMask = 2147483647;
			files = (
				8B64D1B11DC2E86200D41A2C /* SwiftyTeeth.framework in Frameworks */,
			);
			runOnlyForDeploymentPostprocessing = 0;
		};
		8B64D1B81DC2E8C600D41A2C /* Frameworks */ = {
			isa = PBXFrameworksBuildPhase;
			buildActionMask = 2147483647;
			files = (
				8B64D1E41DC2FFD000D41A2C /* SwiftyTeeth.framework in Frameworks */,
			);
			runOnlyForDeploymentPostprocessing = 0;
		};
/* End PBXFrameworksBuildPhase section */

/* Begin PBXGroup section */
		8B64D17E1DC2E0A400D41A2C = {
			isa = PBXGroup;
			children = (
				8B64D1A01DC2E3A100D41A2C /* Meta */,
				8B64D1941DC2E39900D41A2C /* Sources */,
				8B64D1AD1DC2E86200D41A2C /* SwiftyTeeth Tests */,
				8B64D1BC1DC2E8C600D41A2C /* SwiftyTeeth Sample */,
				8B64D18B1DC2E16300D41A2C /* Products */,
			);
			sourceTree = "<group>";
		};
		8B64D18B1DC2E16300D41A2C /* Products */ = {
			isa = PBXGroup;
			children = (
				8B64D18A1DC2E16300D41A2C /* SwiftyTeeth.framework */,
				8B64D1AC1DC2E86200D41A2C /* SwiftyTeeth Tests.xctest */,
				8B64D1BB1DC2E8C600D41A2C /* SwiftyTeeth Sample.app */,
			);
			name = Products;
			sourceTree = "<group>";
		};
		8B64D1941DC2E39900D41A2C /* Sources */ = {
			isa = PBXGroup;
			children = (
				8B64D1951DC2E39900D41A2C /* Enums */,
				8B64D1961DC2E39900D41A2C /* Errors */,
				8B64D1971DC2E39900D41A2C /* Extensions */,
				8B64D1981DC2E39900D41A2C /* Helpers */,
				8B64D1991DC2E39900D41A2C /* Logging */,
				8B64D19A1DC2E39900D41A2C /* Models */,
				8B64D19C1DC2E39900D41A2C /* Protocols */,
				8B64D19E1DC2E39900D41A2C /* Security */,
				8B64D1CF1DC2E8FE00D41A2C /* SwiftyTeeth.swift */,
				8B64D18D1DC2E16300D41A2C /* SwiftyTeeth.h */,
				8B64D1A11DC2E42000D41A2C /* Info-iOS.plist */,
			);
			path = Sources;
			sourceTree = "<group>";
		};
		8B64D1951DC2E39900D41A2C /* Enums */ = {
			isa = PBXGroup;
			children = (
			);
			path = Enums;
			sourceTree = "<group>";
		};
		8B64D1961DC2E39900D41A2C /* Errors */ = {
			isa = PBXGroup;
			children = (
			);
			path = Errors;
			sourceTree = "<group>";
		};
		8B64D1971DC2E39900D41A2C /* Extensions */ = {
			isa = PBXGroup;
			children = (
				8B64D1DE1DC2F92600D41A2C /* CBPeripheral.swift */,
				195A59101E482BF4002B076A /* CBService+String.swift */,
				195A59121E482C4F002B076A /* CBCharacterisic+String.swift */,
			);
			path = Extensions;
			sourceTree = "<group>";
		};
		8B64D1981DC2E39900D41A2C /* Helpers */ = {
			isa = PBXGroup;
			children = (
			);
			path = Helpers;
			sourceTree = "<group>";
		};
		8B64D1991DC2E39900D41A2C /* Logging */ = {
			isa = PBXGroup;
			children = (
			);
			path = Logging;
			sourceTree = "<group>";
		};
		8B64D19A1DC2E39900D41A2C /* Models */ = {
			isa = PBXGroup;
			children = (
				8B64D1DC1DC2F5D000D41A2C /* Device.swift */,
			);
			path = Models;
			sourceTree = "<group>";
		};
		8B64D19C1DC2E39900D41A2C /* Protocols */ = {
			isa = PBXGroup;
			children = (
				8B64D1E21DC2FCEB00D41A2C /* SwiftyTeethable.swift */,
				19B7DC8E1F0D624F0035FDFA /* Logger.swift */,
			);
			path = Protocols;
			sourceTree = "<group>";
		};
		8B64D19E1DC2E39900D41A2C /* Security */ = {
			isa = PBXGroup;
			children = (
			);
			path = Security;
			sourceTree = "<group>";
		};
		8B64D1A01DC2E3A100D41A2C /* Meta */ = {
			isa = PBXGroup;
			children = (
				8B64D1A61DC2E78800D41A2C /* LICENSE */,
				8B64D1A71DC2E78800D41A2C /* README.md */,
				8B64D1A51DC2E77C00D41A2C /* SwiftyTeeth.podspec */,
				8B64D1A31DC2E73F00D41A2C /* Cartfile */,
				8B64D1A41DC2E75000D41A2C /* Cartfile.private */,
			);
			name = Meta;
			sourceTree = "<group>";
		};
		8B64D1AD1DC2E86200D41A2C /* SwiftyTeeth Tests */ = {
			isa = PBXGroup;
			children = (
				8B64D1AE1DC2E86200D41A2C /* SwiftyTeeth_Tests.swift */,
				8B64D1B01DC2E86200D41A2C /* Info.plist */,
			);
			path = "SwiftyTeeth Tests";
			sourceTree = "<group>";
		};
		8B64D1BC1DC2E8C600D41A2C /* SwiftyTeeth Sample */ = {
			isa = PBXGroup;
			children = (
				8B64D1D51DC2E9E800D41A2C /* ViewModels */,
				8B64D1D11DC2E9E800D41A2C /* Graphs */,
				8B64D1D21DC2E9E800D41A2C /* UI */,
				8B64D1BD1DC2E8C600D41A2C /* AppDelegate.swift */,
				8B64D1C31DC2E8C600D41A2C /* Main.storyboard */,
				8B64D1C81DC2E8C600D41A2C /* LaunchScreen.storyboard */,
				8B64D1C61DC2E8C600D41A2C /* Assets.xcassets */,
				8B64D1CB1DC2E8C600D41A2C /* Info.plist */,
			);
			path = "SwiftyTeeth Sample";
			sourceTree = "<group>";
		};
		8B64D1D11DC2E9E800D41A2C /* Graphs */ = {
			isa = PBXGroup;
			children = (
			);
			path = Graphs;
			sourceTree = "<group>";
		};
		8B64D1D21DC2E9E800D41A2C /* UI */ = {
			isa = PBXGroup;
			children = (
				8B64D1D31DC2E9E800D41A2C /* DeviceListViewController.swift */,
				195A590E1E47CECC002B076A /* DeviceViewController.swift */,
			);
			path = UI;
			sourceTree = "<group>";
		};
		8B64D1D51DC2E9E800D41A2C /* ViewModels */ = {
			isa = PBXGroup;
			children = (
			);
			path = ViewModels;
			sourceTree = "<group>";
		};
/* End PBXGroup section */

/* Begin PBXHeadersBuildPhase section */
		8B64D1871DC2E16300D41A2C /* Headers */ = {
			isa = PBXHeadersBuildPhase;
			buildActionMask = 2147483647;
			files = (
				8B64D18F1DC2E16300D41A2C /* SwiftyTeeth.h in Headers */,
			);
			runOnlyForDeploymentPostprocessing = 0;
		};
/* End PBXHeadersBuildPhase section */

/* Begin PBXNativeTarget section */
		8B64D1891DC2E16300D41A2C /* SwiftyTeeth iOS */ = {
			isa = PBXNativeTarget;
			buildConfigurationList = 8B64D1921DC2E16300D41A2C /* Build configuration list for PBXNativeTarget "SwiftyTeeth iOS" */;
			buildPhases = (
				8B64D1851DC2E16300D41A2C /* Sources */,
				8B64D1861DC2E16300D41A2C /* Frameworks */,
				8B64D1871DC2E16300D41A2C /* Headers */,
				8B64D1881DC2E16300D41A2C /* Resources */,
			);
			buildRules = (
			);
			dependencies = (
			);
			name = "SwiftyTeeth iOS";
			productName = "SwiftyTeeth iOS";
			productReference = 8B64D18A1DC2E16300D41A2C /* SwiftyTeeth.framework */;
			productType = "com.apple.product-type.framework";
		};
		8B64D1AB1DC2E86200D41A2C /* SwiftyTeeth Tests */ = {
			isa = PBXNativeTarget;
			buildConfigurationList = 8B64D1B61DC2E86200D41A2C /* Build configuration list for PBXNativeTarget "SwiftyTeeth Tests" */;
			buildPhases = (
				8B64D1A81DC2E86200D41A2C /* Sources */,
				8B64D1A91DC2E86200D41A2C /* Frameworks */,
				8B64D1AA1DC2E86200D41A2C /* Resources */,
			);
			buildRules = (
			);
			dependencies = (
				8B64D1B31DC2E86200D41A2C /* PBXTargetDependency */,
			);
			name = "SwiftyTeeth Tests";
			productName = "SwiftyTeeth Tests";
			productReference = 8B64D1AC1DC2E86200D41A2C /* SwiftyTeeth Tests.xctest */;
			productType = "com.apple.product-type.bundle.unit-test";
		};
		8B64D1BA1DC2E8C600D41A2C /* SwiftyTeeth Sample */ = {
			isa = PBXNativeTarget;
			buildConfigurationList = 8B64D1CC1DC2E8C600D41A2C /* Build configuration list for PBXNativeTarget "SwiftyTeeth Sample" */;
			buildPhases = (
				8B64D1B71DC2E8C600D41A2C /* Sources */,
				8B64D1B81DC2E8C600D41A2C /* Frameworks */,
				8B64D1B91DC2E8C600D41A2C /* Resources */,
				8B64D1E81DC2FFD000D41A2C /* Embed Frameworks */,
			);
			buildRules = (
			);
			dependencies = (
				8B64D1E71DC2FFD000D41A2C /* PBXTargetDependency */,
			);
			name = "SwiftyTeeth Sample";
			productName = "SwiftyTeeth Sample";
			productReference = 8B64D1BB1DC2E8C600D41A2C /* SwiftyTeeth Sample.app */;
			productType = "com.apple.product-type.application";
		};
/* End PBXNativeTarget section */

/* Begin PBXProject section */
		8B64D17F1DC2E0A400D41A2C /* Project object */ = {
			isa = PBXProject;
			attributes = {
				LastSwiftUpdateCheck = 0810;
				LastUpgradeCheck = 0920;
				TargetAttributes = {
					8B64D1891DC2E16300D41A2C = {
						CreatedOnToolsVersion = 8.1;
						LastSwiftMigration = 0920;
						ProvisioningStyle = Automatic;
					};
					8B64D1AB1DC2E86200D41A2C = {
						CreatedOnToolsVersion = 8.1;
						ProvisioningStyle = Automatic;
					};
					8B64D1BA1DC2E8C600D41A2C = {
						CreatedOnToolsVersion = 8.1;
						LastSwiftMigration = 0920;
						ProvisioningStyle = Automatic;
					};
				};
			};
			buildConfigurationList = 8B64D1821DC2E0A400D41A2C /* Build configuration list for PBXProject "SwiftyTeeth" */;
			compatibilityVersion = "Xcode 3.2";
			developmentRegion = English;
			hasScannedForEncodings = 0;
			knownRegions = (
				en,
				Base,
			);
			mainGroup = 8B64D17E1DC2E0A400D41A2C;
			productRefGroup = 8B64D18B1DC2E16300D41A2C /* Products */;
			projectDirPath = "";
			projectRoot = "";
			targets = (
				8B64D1891DC2E16300D41A2C /* SwiftyTeeth iOS */,
				8B64D1AB1DC2E86200D41A2C /* SwiftyTeeth Tests */,
				8B64D1BA1DC2E8C600D41A2C /* SwiftyTeeth Sample */,
			);
		};
/* End PBXProject section */

/* Begin PBXResourcesBuildPhase section */
		8B64D1881DC2E16300D41A2C /* Resources */ = {
			isa = PBXResourcesBuildPhase;
			buildActionMask = 2147483647;
			files = (
			);
			runOnlyForDeploymentPostprocessing = 0;
		};
		8B64D1AA1DC2E86200D41A2C /* Resources */ = {
			isa = PBXResourcesBuildPhase;
			buildActionMask = 2147483647;
			files = (
			);
			runOnlyForDeploymentPostprocessing = 0;
		};
		8B64D1B91DC2E8C600D41A2C /* Resources */ = {
			isa = PBXResourcesBuildPhase;
			buildActionMask = 2147483647;
			files = (
				8B64D1CA1DC2E8C600D41A2C /* LaunchScreen.storyboard in Resources */,
				8B64D1C71DC2E8C600D41A2C /* Assets.xcassets in Resources */,
				8B64D1C51DC2E8C600D41A2C /* Main.storyboard in Resources */,
			);
			runOnlyForDeploymentPostprocessing = 0;
		};
/* End PBXResourcesBuildPhase section */

/* Begin PBXSourcesBuildPhase section */
		8B64D1851DC2E16300D41A2C /* Sources */ = {
			isa = PBXSourcesBuildPhase;
			buildActionMask = 2147483647;
			files = (
				195A59141E4834F0002B076A /* CBCharacterisic+String.swift in Sources */,
				195A59151E4834F5002B076A /* CBService+String.swift in Sources */,
				8B64D1E31DC2FCEB00D41A2C /* SwiftyTeethable.swift in Sources */,
				8B64D1D01DC2E8FE00D41A2C /* SwiftyTeeth.swift in Sources */,
				19B7DC8F1F0D624F0035FDFA /* Logger.swift in Sources */,
				8B64D1DD1DC2F5D000D41A2C /* Device.swift in Sources */,
				8B64D1DF1DC2F92600D41A2C /* CBPeripheral.swift in Sources */,
			);
			runOnlyForDeploymentPostprocessing = 0;
		};
		8B64D1A81DC2E86200D41A2C /* Sources */ = {
			isa = PBXSourcesBuildPhase;
			buildActionMask = 2147483647;
			files = (
				8B64D1AF1DC2E86200D41A2C /* SwiftyTeeth_Tests.swift in Sources */,
			);
			runOnlyForDeploymentPostprocessing = 0;
		};
		8B64D1B71DC2E8C600D41A2C /* Sources */ = {
			isa = PBXSourcesBuildPhase;
			buildActionMask = 2147483647;
			files = (
				8B64D1BE1DC2E8C600D41A2C /* AppDelegate.swift in Sources */,
				8B64D1D61DC2E9E800D41A2C /* DeviceListViewController.swift in Sources */,
				195A590F1E47CECC002B076A /* DeviceViewController.swift in Sources */,
			);
			runOnlyForDeploymentPostprocessing = 0;
		};
/* End PBXSourcesBuildPhase section */

/* Begin PBXTargetDependency section */
		8B64D1B31DC2E86200D41A2C /* PBXTargetDependency */ = {
			isa = PBXTargetDependency;
			target = 8B64D1891DC2E16300D41A2C /* SwiftyTeeth iOS */;
			targetProxy = 8B64D1B21DC2E86200D41A2C /* PBXContainerItemProxy */;
		};
		8B64D1E71DC2FFD000D41A2C /* PBXTargetDependency */ = {
			isa = PBXTargetDependency;
			target = 8B64D1891DC2E16300D41A2C /* SwiftyTeeth iOS */;
			targetProxy = 8B64D1E61DC2FFD000D41A2C /* PBXContainerItemProxy */;
		};
/* End PBXTargetDependency section */

/* Begin PBXVariantGroup section */
		8B64D1C31DC2E8C600D41A2C /* Main.storyboard */ = {
			isa = PBXVariantGroup;
			children = (
				8B64D1C41DC2E8C600D41A2C /* Base */,
			);
			name = Main.storyboard;
			sourceTree = "<group>";
		};
		8B64D1C81DC2E8C600D41A2C /* LaunchScreen.storyboard */ = {
			isa = PBXVariantGroup;
			children = (
				8B64D1C91DC2E8C600D41A2C /* Base */,
			);
			name = LaunchScreen.storyboard;
			sourceTree = "<group>";
		};
/* End PBXVariantGroup section */

/* Begin XCBuildConfiguration section */
		8B64D1831DC2E0A400D41A2C /* Debug */ = {
			isa = XCBuildConfiguration;
			buildSettings = {
				CLANG_WARN_BLOCK_CAPTURE_AUTORELEASING = YES;
				CLANG_WARN_BOOL_CONVERSION = YES;
				CLANG_WARN_COMMA = YES;
				CLANG_WARN_CONSTANT_CONVERSION = YES;
				CLANG_WARN_EMPTY_BODY = YES;
				CLANG_WARN_ENUM_CONVERSION = YES;
				CLANG_WARN_INFINITE_RECURSION = YES;
				CLANG_WARN_INT_CONVERSION = YES;
				CLANG_WARN_NON_LITERAL_NULL_CONVERSION = YES;
				CLANG_WARN_OBJC_LITERAL_CONVERSION = YES;
				CLANG_WARN_RANGE_LOOP_ANALYSIS = YES;
				CLANG_WARN_STRICT_PROTOTYPES = YES;
				CLANG_WARN_SUSPICIOUS_MOVE = YES;
				CLANG_WARN_UNREACHABLE_CODE = YES;
				CLANG_WARN__DUPLICATE_METHOD_MATCH = YES;
				ENABLE_STRICT_OBJC_MSGSEND = YES;
				ENABLE_TESTABILITY = YES;
				GCC_NO_COMMON_BLOCKS = YES;
				GCC_WARN_64_TO_32_BIT_CONVERSION = YES;
				GCC_WARN_ABOUT_RETURN_TYPE = YES;
				GCC_WARN_UNDECLARED_SELECTOR = YES;
				GCC_WARN_UNINITIALIZED_AUTOS = YES;
				GCC_WARN_UNUSED_FUNCTION = YES;
				GCC_WARN_UNUSED_VARIABLE = YES;
				IPHONEOS_DEPLOYMENT_TARGET = 9.0;
				ONLY_ACTIVE_ARCH = YES;
				SDKROOT = iphoneos;
				SUPPORTED_PLATFORMS = "iphonesimulator iphoneos";
				SWIFT_VERSION = 4.0;
			};
			name = Debug;
		};
		8B64D1841DC2E0A400D41A2C /* Release */ = {
			isa = XCBuildConfiguration;
			buildSettings = {
				CLANG_WARN_BLOCK_CAPTURE_AUTORELEASING = YES;
				CLANG_WARN_BOOL_CONVERSION = YES;
				CLANG_WARN_COMMA = YES;
				CLANG_WARN_CONSTANT_CONVERSION = YES;
				CLANG_WARN_EMPTY_BODY = YES;
				CLANG_WARN_ENUM_CONVERSION = YES;
				CLANG_WARN_INFINITE_RECURSION = YES;
				CLANG_WARN_INT_CONVERSION = YES;
				CLANG_WARN_NON_LITERAL_NULL_CONVERSION = YES;
				CLANG_WARN_OBJC_LITERAL_CONVERSION = YES;
				CLANG_WARN_RANGE_LOOP_ANALYSIS = YES;
				CLANG_WARN_STRICT_PROTOTYPES = YES;
				CLANG_WARN_SUSPICIOUS_MOVE = YES;
				CLANG_WARN_UNREACHABLE_CODE = YES;
				CLANG_WARN__DUPLICATE_METHOD_MATCH = YES;
				ENABLE_STRICT_OBJC_MSGSEND = YES;
				GCC_NO_COMMON_BLOCKS = YES;
				GCC_WARN_64_TO_32_BIT_CONVERSION = YES;
				GCC_WARN_ABOUT_RETURN_TYPE = YES;
				GCC_WARN_UNDECLARED_SELECTOR = YES;
				GCC_WARN_UNINITIALIZED_AUTOS = YES;
				GCC_WARN_UNUSED_FUNCTION = YES;
				GCC_WARN_UNUSED_VARIABLE = YES;
				IPHONEOS_DEPLOYMENT_TARGET = 9.0;
				SDKROOT = iphoneos;
				SUPPORTED_PLATFORMS = "iphonesimulator iphoneos";
				SWIFT_VERSION = 4.0;
			};
			name = Release;
		};
		8B64D1901DC2E16300D41A2C /* Debug */ = {
			isa = XCBuildConfiguration;
			buildSettings = {
				ALWAYS_SEARCH_USER_PATHS = NO;
				APPLICATION_EXTENSION_API_ONLY = YES;
				CLANG_ANALYZER_NONNULL = YES;
				CLANG_CXX_LANGUAGE_STANDARD = "gnu++0x";
				CLANG_CXX_LIBRARY = "libc++";
				CLANG_ENABLE_MODULES = YES;
				CLANG_ENABLE_OBJC_ARC = YES;
				CLANG_WARN_BOOL_CONVERSION = YES;
				CLANG_WARN_CONSTANT_CONVERSION = YES;
				CLANG_WARN_DIRECT_OBJC_ISA_USAGE = YES_ERROR;
				CLANG_WARN_DOCUMENTATION_COMMENTS = YES;
				CLANG_WARN_EMPTY_BODY = YES;
				CLANG_WARN_ENUM_CONVERSION = YES;
				CLANG_WARN_INFINITE_RECURSION = YES;
				CLANG_WARN_INT_CONVERSION = YES;
				CLANG_WARN_OBJC_ROOT_CLASS = YES_ERROR;
				CLANG_WARN_SUSPICIOUS_MOVES = YES;
				CLANG_WARN_UNREACHABLE_CODE = YES;
				CLANG_WARN__DUPLICATE_METHOD_MATCH = YES;
				CODE_SIGN_IDENTITY = "";
				"CODE_SIGN_IDENTITY[sdk=iphoneos*]" = "";
				COPY_PHASE_STRIP = NO;
				CURRENT_PROJECT_VERSION = 1;
				DEBUG_INFORMATION_FORMAT = dwarf;
				DEFINES_MODULE = YES;
				DEVELOPMENT_TEAM = "";
				DYLIB_COMPATIBILITY_VERSION = 1;
				DYLIB_CURRENT_VERSION = 1;
				DYLIB_INSTALL_NAME_BASE = "@rpath";
				ENABLE_STRICT_OBJC_MSGSEND = YES;
				ENABLE_TESTABILITY = YES;
				GCC_C_LANGUAGE_STANDARD = gnu99;
				GCC_DYNAMIC_NO_PIC = NO;
				GCC_NO_COMMON_BLOCKS = YES;
				GCC_OPTIMIZATION_LEVEL = 0;
				GCC_PREPROCESSOR_DEFINITIONS = (
					"DEBUG=1",
					"$(inherited)",
				);
				GCC_WARN_64_TO_32_BIT_CONVERSION = YES;
				GCC_WARN_ABOUT_RETURN_TYPE = YES_ERROR;
				GCC_WARN_UNDECLARED_SELECTOR = YES;
				GCC_WARN_UNINITIALIZED_AUTOS = YES_AGGRESSIVE;
				GCC_WARN_UNUSED_FUNCTION = YES;
				GCC_WARN_UNUSED_VARIABLE = YES;
				INFOPLIST_FILE = "Sources/Info-iOS.plist";
				INSTALL_PATH = "$(LOCAL_LIBRARY_DIR)/Frameworks";
				LD_RUNPATH_SEARCH_PATHS = "$(inherited) @executable_path/Frameworks @loader_path/Frameworks";
				MTL_ENABLE_DEBUG_INFO = YES;
				ONLY_ACTIVE_ARCH = YES;
				PRODUCT_BUNDLE_IDENTIFIER = "com.robotpajamas.SwiftyTeeth-iOS";
				PRODUCT_NAME = SwiftyTeeth;
				SDKROOT = iphoneos;
				SKIP_INSTALL = YES;
				SWIFT_ACTIVE_COMPILATION_CONDITIONS = DEBUG;
				SWIFT_OPTIMIZATION_LEVEL = "-Onone";
				SWIFT_SWIFT3_OBJC_INFERENCE = Default;
				SWIFT_VERSION = 4.0;
				TARGETED_DEVICE_FAMILY = "1,2";
				VERSIONING_SYSTEM = "apple-generic";
				VERSION_INFO_PREFIX = "";
			};
			name = Debug;
		};
		8B64D1911DC2E16300D41A2C /* Release */ = {
			isa = XCBuildConfiguration;
			buildSettings = {
				ALWAYS_SEARCH_USER_PATHS = NO;
				APPLICATION_EXTENSION_API_ONLY = YES;
				CLANG_ANALYZER_NONNULL = YES;
				CLANG_CXX_LANGUAGE_STANDARD = "gnu++0x";
				CLANG_CXX_LIBRARY = "libc++";
				CLANG_ENABLE_MODULES = YES;
				CLANG_ENABLE_OBJC_ARC = YES;
				CLANG_WARN_BOOL_CONVERSION = YES;
				CLANG_WARN_CONSTANT_CONVERSION = YES;
				CLANG_WARN_DIRECT_OBJC_ISA_USAGE = YES_ERROR;
				CLANG_WARN_DOCUMENTATION_COMMENTS = YES;
				CLANG_WARN_EMPTY_BODY = YES;
				CLANG_WARN_ENUM_CONVERSION = YES;
				CLANG_WARN_INFINITE_RECURSION = YES;
				CLANG_WARN_INT_CONVERSION = YES;
				CLANG_WARN_OBJC_ROOT_CLASS = YES_ERROR;
				CLANG_WARN_SUSPICIOUS_MOVES = YES;
				CLANG_WARN_UNREACHABLE_CODE = YES;
				CLANG_WARN__DUPLICATE_METHOD_MATCH = YES;
				CODE_SIGN_IDENTITY = "";
				"CODE_SIGN_IDENTITY[sdk=iphoneos*]" = "";
				COPY_PHASE_STRIP = NO;
				CURRENT_PROJECT_VERSION = 1;
				DEBUG_INFORMATION_FORMAT = "dwarf-with-dsym";
				DEFINES_MODULE = YES;
				DEVELOPMENT_TEAM = "";
				DYLIB_COMPATIBILITY_VERSION = 1;
				DYLIB_CURRENT_VERSION = 1;
				DYLIB_INSTALL_NAME_BASE = "@rpath";
				ENABLE_NS_ASSERTIONS = NO;
				ENABLE_STRICT_OBJC_MSGSEND = YES;
				GCC_C_LANGUAGE_STANDARD = gnu99;
				GCC_NO_COMMON_BLOCKS = YES;
				GCC_WARN_64_TO_32_BIT_CONVERSION = YES;
				GCC_WARN_ABOUT_RETURN_TYPE = YES_ERROR;
				GCC_WARN_UNDECLARED_SELECTOR = YES;
				GCC_WARN_UNINITIALIZED_AUTOS = YES_AGGRESSIVE;
				GCC_WARN_UNUSED_FUNCTION = YES;
				GCC_WARN_UNUSED_VARIABLE = YES;
				INFOPLIST_FILE = "Sources/Info-iOS.plist";
				INSTALL_PATH = "$(LOCAL_LIBRARY_DIR)/Frameworks";
				LD_RUNPATH_SEARCH_PATHS = "$(inherited) @executable_path/Frameworks @loader_path/Frameworks";
				MTL_ENABLE_DEBUG_INFO = NO;
				PRODUCT_BUNDLE_IDENTIFIER = "com.robotpajamas.SwiftyTeeth-iOS";
				PRODUCT_NAME = SwiftyTeeth;
				SDKROOT = iphoneos;
				SKIP_INSTALL = YES;
				SWIFT_OPTIMIZATION_LEVEL = "-Owholemodule";
				SWIFT_SWIFT3_OBJC_INFERENCE = Default;
				SWIFT_VERSION = 4.0;
				TARGETED_DEVICE_FAMILY = "1,2";
				VALIDATE_PRODUCT = YES;
				VERSIONING_SYSTEM = "apple-generic";
				VERSION_INFO_PREFIX = "";
			};
			name = Release;
		};
		8B64D1B41DC2E86200D41A2C /* Debug */ = {
			isa = XCBuildConfiguration;
			buildSettings = {
				ALWAYS_EMBED_SWIFT_STANDARD_LIBRARIES = YES;
				ALWAYS_SEARCH_USER_PATHS = NO;
				APPLICATION_EXTENSION_API_ONLY = YES;
				CLANG_ANALYZER_NONNULL = YES;
				CLANG_CXX_LANGUAGE_STANDARD = "gnu++0x";
				CLANG_CXX_LIBRARY = "libc++";
				CLANG_ENABLE_MODULES = YES;
				CLANG_ENABLE_OBJC_ARC = YES;
				CLANG_WARN_BOOL_CONVERSION = YES;
				CLANG_WARN_CONSTANT_CONVERSION = YES;
				CLANG_WARN_DIRECT_OBJC_ISA_USAGE = YES_ERROR;
				CLANG_WARN_DOCUMENTATION_COMMENTS = YES;
				CLANG_WARN_EMPTY_BODY = YES;
				CLANG_WARN_ENUM_CONVERSION = YES;
				CLANG_WARN_INFINITE_RECURSION = YES;
				CLANG_WARN_INT_CONVERSION = YES;
				CLANG_WARN_OBJC_ROOT_CLASS = YES_ERROR;
				CLANG_WARN_SUSPICIOUS_MOVES = YES;
				CLANG_WARN_UNREACHABLE_CODE = YES;
				CLANG_WARN__DUPLICATE_METHOD_MATCH = YES;
				"CODE_SIGN_IDENTITY[sdk=iphoneos*]" = "iPhone Developer";
				COPY_PHASE_STRIP = NO;
				DEBUG_INFORMATION_FORMAT = dwarf;
				DEVELOPMENT_TEAM = "";
				ENABLE_STRICT_OBJC_MSGSEND = YES;
				ENABLE_TESTABILITY = YES;
				GCC_C_LANGUAGE_STANDARD = gnu99;
				GCC_DYNAMIC_NO_PIC = NO;
				GCC_NO_COMMON_BLOCKS = YES;
				GCC_OPTIMIZATION_LEVEL = 0;
				GCC_PREPROCESSOR_DEFINITIONS = (
					"DEBUG=1",
					"$(inherited)",
				);
				GCC_WARN_64_TO_32_BIT_CONVERSION = YES;
				GCC_WARN_ABOUT_RETURN_TYPE = YES_ERROR;
				GCC_WARN_UNDECLARED_SELECTOR = YES;
				GCC_WARN_UNINITIALIZED_AUTOS = YES_AGGRESSIVE;
				GCC_WARN_UNUSED_FUNCTION = YES;
				GCC_WARN_UNUSED_VARIABLE = YES;
				INFOPLIST_FILE = "SwiftyTeeth Tests/Info.plist";
				LD_RUNPATH_SEARCH_PATHS = "$(inherited) @executable_path/Frameworks @loader_path/Frameworks";
				MTL_ENABLE_DEBUG_INFO = YES;
				ONLY_ACTIVE_ARCH = YES;
				PRODUCT_BUNDLE_IDENTIFIER = "com.robotpajamas.SwiftyTeeth-Tests";
				PRODUCT_NAME = "$(TARGET_NAME)";
				SWIFT_ACTIVE_COMPILATION_CONDITIONS = DEBUG;
				SWIFT_OPTIMIZATION_LEVEL = "-Onone";
				SWIFT_VERSION = 4.0;
			};
			name = Debug;
		};
		8B64D1B51DC2E86200D41A2C /* Release */ = {
			isa = XCBuildConfiguration;
			buildSettings = {
				ALWAYS_EMBED_SWIFT_STANDARD_LIBRARIES = YES;
				ALWAYS_SEARCH_USER_PATHS = NO;
				APPLICATION_EXTENSION_API_ONLY = YES;
				CLANG_ANALYZER_NONNULL = YES;
				CLANG_CXX_LANGUAGE_STANDARD = "gnu++0x";
				CLANG_CXX_LIBRARY = "libc++";
				CLANG_ENABLE_MODULES = YES;
				CLANG_ENABLE_OBJC_ARC = YES;
				CLANG_WARN_BOOL_CONVERSION = YES;
				CLANG_WARN_CONSTANT_CONVERSION = YES;
				CLANG_WARN_DIRECT_OBJC_ISA_USAGE = YES_ERROR;
				CLANG_WARN_DOCUMENTATION_COMMENTS = YES;
				CLANG_WARN_EMPTY_BODY = YES;
				CLANG_WARN_ENUM_CONVERSION = YES;
				CLANG_WARN_INFINITE_RECURSION = YES;
				CLANG_WARN_INT_CONVERSION = YES;
				CLANG_WARN_OBJC_ROOT_CLASS = YES_ERROR;
				CLANG_WARN_SUSPICIOUS_MOVES = YES;
				CLANG_WARN_UNREACHABLE_CODE = YES;
				CLANG_WARN__DUPLICATE_METHOD_MATCH = YES;
				"CODE_SIGN_IDENTITY[sdk=iphoneos*]" = "iPhone Developer";
				COPY_PHASE_STRIP = NO;
				DEBUG_INFORMATION_FORMAT = "dwarf-with-dsym";
				DEVELOPMENT_TEAM = "";
				ENABLE_NS_ASSERTIONS = NO;
				ENABLE_STRICT_OBJC_MSGSEND = YES;
				GCC_C_LANGUAGE_STANDARD = gnu99;
				GCC_NO_COMMON_BLOCKS = YES;
				GCC_WARN_64_TO_32_BIT_CONVERSION = YES;
				GCC_WARN_ABOUT_RETURN_TYPE = YES_ERROR;
				GCC_WARN_UNDECLARED_SELECTOR = YES;
				GCC_WARN_UNINITIALIZED_AUTOS = YES_AGGRESSIVE;
				GCC_WARN_UNUSED_FUNCTION = YES;
				GCC_WARN_UNUSED_VARIABLE = YES;
				INFOPLIST_FILE = "SwiftyTeeth Tests/Info.plist";
				LD_RUNPATH_SEARCH_PATHS = "$(inherited) @executable_path/Frameworks @loader_path/Frameworks";
				MTL_ENABLE_DEBUG_INFO = NO;
				PRODUCT_BUNDLE_IDENTIFIER = "com.robotpajamas.SwiftyTeeth-Tests";
				PRODUCT_NAME = "$(TARGET_NAME)";
				SWIFT_OPTIMIZATION_LEVEL = "-Owholemodule";
				SWIFT_VERSION = 4.0;
				VALIDATE_PRODUCT = YES;
			};
			name = Release;
		};
		8B64D1CD1DC2E8C600D41A2C /* Debug */ = {
			isa = XCBuildConfiguration;
			buildSettings = {
				ALWAYS_EMBED_SWIFT_STANDARD_LIBRARIES = YES;
				ALWAYS_SEARCH_USER_PATHS = NO;
				ASSETCATALOG_COMPILER_APPICON_NAME = AppIcon;
				CLANG_ANALYZER_NONNULL = YES;
				CLANG_CXX_LANGUAGE_STANDARD = "gnu++0x";
				CLANG_CXX_LIBRARY = "libc++";
				CLANG_ENABLE_MODULES = YES;
				CLANG_ENABLE_OBJC_ARC = YES;
				CLANG_WARN_BOOL_CONVERSION = YES;
				CLANG_WARN_CONSTANT_CONVERSION = YES;
				CLANG_WARN_DIRECT_OBJC_ISA_USAGE = YES_ERROR;
				CLANG_WARN_DOCUMENTATION_COMMENTS = YES;
				CLANG_WARN_EMPTY_BODY = YES;
				CLANG_WARN_ENUM_CONVERSION = YES;
				CLANG_WARN_INFINITE_RECURSION = YES;
				CLANG_WARN_INT_CONVERSION = YES;
				CLANG_WARN_OBJC_ROOT_CLASS = YES_ERROR;
				CLANG_WARN_SUSPICIOUS_MOVES = YES;
				CLANG_WARN_UNREACHABLE_CODE = YES;
				CLANG_WARN__DUPLICATE_METHOD_MATCH = YES;
				"CODE_SIGN_IDENTITY[sdk=iphoneos*]" = "iPhone Developer";
				COPY_PHASE_STRIP = NO;
				DEBUG_INFORMATION_FORMAT = dwarf;
				DEVELOPMENT_TEAM = "";
				ENABLE_STRICT_OBJC_MSGSEND = YES;
				ENABLE_TESTABILITY = YES;
				GCC_C_LANGUAGE_STANDARD = gnu99;
				GCC_DYNAMIC_NO_PIC = NO;
				GCC_NO_COMMON_BLOCKS = YES;
				GCC_OPTIMIZATION_LEVEL = 0;
				GCC_PREPROCESSOR_DEFINITIONS = (
					"DEBUG=1",
					"$(inherited)",
				);
				GCC_WARN_64_TO_32_BIT_CONVERSION = YES;
				GCC_WARN_ABOUT_RETURN_TYPE = YES_ERROR;
				GCC_WARN_UNDECLARED_SELECTOR = YES;
				GCC_WARN_UNINITIALIZED_AUTOS = YES_AGGRESSIVE;
				GCC_WARN_UNUSED_FUNCTION = YES;
				GCC_WARN_UNUSED_VARIABLE = YES;
				INFOPLIST_FILE = "SwiftyTeeth Sample/Info.plist";
				LD_RUNPATH_SEARCH_PATHS = "$(inherited) @executable_path/Frameworks";
				MTL_ENABLE_DEBUG_INFO = YES;
				ONLY_ACTIVE_ARCH = YES;
				PRODUCT_BUNDLE_IDENTIFIER = "com.robotpajamas.SwiftyTeeth-Sample";
				PRODUCT_NAME = "$(TARGET_NAME)";
				SWIFT_ACTIVE_COMPILATION_CONDITIONS = DEBUG;
				SWIFT_OPTIMIZATION_LEVEL = "-Onone";
				SWIFT_SWIFT3_OBJC_INFERENCE = Default;
				SWIFT_VERSION = 4.0;
				TARGETED_DEVICE_FAMILY = "1,2";
			};
			name = Debug;
		};
		8B64D1CE1DC2E8C600D41A2C /* Release */ = {
			isa = XCBuildConfiguration;
			buildSettings = {
				ALWAYS_EMBED_SWIFT_STANDARD_LIBRARIES = YES;
				ALWAYS_SEARCH_USER_PATHS = NO;
				ASSETCATALOG_COMPILER_APPICON_NAME = AppIcon;
				CLANG_ANALYZER_NONNULL = YES;
				CLANG_CXX_LANGUAGE_STANDARD = "gnu++0x";
				CLANG_CXX_LIBRARY = "libc++";
				CLANG_ENABLE_MODULES = YES;
				CLANG_ENABLE_OBJC_ARC = YES;
				CLANG_WARN_BOOL_CONVERSION = YES;
				CLANG_WARN_CONSTANT_CONVERSION = YES;
				CLANG_WARN_DIRECT_OBJC_ISA_USAGE = YES_ERROR;
				CLANG_WARN_DOCUMENTATION_COMMENTS = YES;
				CLANG_WARN_EMPTY_BODY = YES;
				CLANG_WARN_ENUM_CONVERSION = YES;
				CLANG_WARN_INFINITE_RECURSION = YES;
				CLANG_WARN_INT_CONVERSION = YES;
				CLANG_WARN_OBJC_ROOT_CLASS = YES_ERROR;
				CLANG_WARN_SUSPICIOUS_MOVES = YES;
				CLANG_WARN_UNREACHABLE_CODE = YES;
				CLANG_WARN__DUPLICATE_METHOD_MATCH = YES;
				"CODE_SIGN_IDENTITY[sdk=iphoneos*]" = "iPhone Developer";
				COPY_PHASE_STRIP = NO;
				DEBUG_INFORMATION_FORMAT = "dwarf-with-dsym";
				DEVELOPMENT_TEAM = "";
				ENABLE_NS_ASSERTIONS = NO;
				ENABLE_STRICT_OBJC_MSGSEND = YES;
				GCC_C_LANGUAGE_STANDARD = gnu99;
				GCC_NO_COMMON_BLOCKS = YES;
				GCC_WARN_64_TO_32_BIT_CONVERSION = YES;
				GCC_WARN_ABOUT_RETURN_TYPE = YES_ERROR;
				GCC_WARN_UNDECLARED_SELECTOR = YES;
				GCC_WARN_UNINITIALIZED_AUTOS = YES_AGGRESSIVE;
				GCC_WARN_UNUSED_FUNCTION = YES;
				GCC_WARN_UNUSED_VARIABLE = YES;
				INFOPLIST_FILE = "SwiftyTeeth Sample/Info.plist";
				LD_RUNPATH_SEARCH_PATHS = "$(inherited) @executable_path/Frameworks";
				MTL_ENABLE_DEBUG_INFO = NO;
				PRODUCT_BUNDLE_IDENTIFIER = "com.robotpajamas.SwiftyTeeth-Sample";
				PRODUCT_NAME = "$(TARGET_NAME)";
				SWIFT_OPTIMIZATION_LEVEL = "-Owholemodule";
				SWIFT_SWIFT3_OBJC_INFERENCE = Default;
				SWIFT_VERSION = 4.0;
				TARGETED_DEVICE_FAMILY = "1,2";
				VALIDATE_PRODUCT = YES;
			};
			name = Release;
		};
/* End XCBuildConfiguration section */

/* Begin XCConfigurationList section */
		8B64D1821DC2E0A400D41A2C /* Build configuration list for PBXProject "SwiftyTeeth" */ = {
			isa = XCConfigurationList;
			buildConfigurations = (
				8B64D1831DC2E0A400D41A2C /* Debug */,
				8B64D1841DC2E0A400D41A2C /* Release */,
			);
			defaultConfigurationIsVisible = 0;
			defaultConfigurationName = Release;
		};
		8B64D1921DC2E16300D41A2C /* Build configuration list for PBXNativeTarget "SwiftyTeeth iOS" */ = {
			isa = XCConfigurationList;
			buildConfigurations = (
				8B64D1901DC2E16300D41A2C /* Debug */,
				8B64D1911DC2E16300D41A2C /* Release */,
			);
			defaultConfigurationIsVisible = 0;
			defaultConfigurationName = Release;
		};
		8B64D1B61DC2E86200D41A2C /* Build configuration list for PBXNativeTarget "SwiftyTeeth Tests" */ = {
			isa = XCConfigurationList;
			buildConfigurations = (
				8B64D1B41DC2E86200D41A2C /* Debug */,
				8B64D1B51DC2E86200D41A2C /* Release */,
			);
			defaultConfigurationIsVisible = 0;
			defaultConfigurationName = Release;
		};
		8B64D1CC1DC2E8C600D41A2C /* Build configuration list for PBXNativeTarget "SwiftyTeeth Sample" */ = {
			isa = XCConfigurationList;
			buildConfigurations = (
				8B64D1CD1DC2E8C600D41A2C /* Debug */,
				8B64D1CE1DC2E8C600D41A2C /* Release */,
			);
			defaultConfigurationIsVisible = 0;
			defaultConfigurationName = Release;
		};
/* End XCConfigurationList section */
	};
	rootObject = 8B64D17F1DC2E0A400D41A2C /* Project object */;
}
